
Microsoft Visual Studio Solution File, Format Version 12.00
# Visual Studio Version 17
VisualStudioVersion = 17.9.34622.214
MinimumVisualStudioVersion = 10.0.40219.1
Project("{FAE04EC0-301F-11D3-BF4B-00C04F79EFBC}") = "csharp_thread_creation", "csharp_thread_creation\csharp_thread_creation.csproj", "{056CC721-C967-4B35-B68B-4EA85D8DEC0E}"
EndProject
Global
	GlobalSection(SolutionConfigurationPlatforms) = preSolution
		Debug|Any CPU = Debug|Any CPU
		Release|Any CPU = Release|Any CPU
	EndGlobalSection
	GlobalSection(ProjectConfigurationPlatforms) = postSolution
		{056CC721-C967-4B35-B68B-4EA85D8DEC0E}.Debug|Any CPU.ActiveCfg = Debug|Any CPU
		{056CC721-C967-4B35-B68B-4EA85D8DEC0E}.Debug|Any CPU.Build.0 = Debug|Any CPU
		{056CC721-C967-4B35-B68B-4EA85D8DEC0E}.Release|Any CPU.ActiveCfg = Release|Any CPU
		{056CC721-C967-4B35-B68B-4EA85D8DEC0E}.Release|Any CPU.Build.0 = Release|Any CPU
	EndGlobalSection
	GlobalSection(SolutionProperties) = preSolution
		HideSolutionNode = FALSE
	EndGlobalSection
	GlobalSection(ExtensibilityGlobals) = postSolution
		SolutionGuid = {9DF457DF-78F5-4042-BC79-4CF1538594B1}
	EndGlobalSection
EndGlobal
