
Microsoft Visual Studio Solution File, Format Version 12.00
# Visual Studio Version 17
VisualStudioVersion = 17.9.34622.214
MinimumVisualStudioVersion = 10.0.40219.1
Project("{FAE04EC0-301F-11D3-BF4B-00C04F79EFBC}") = "csharp_reading_static", "csharp_reading_static\csharp_reading_static.csproj", "{E44F9753-DA67-4E6D-BD1D-AFC450E13654}"
EndProject
Global
	GlobalSection(SolutionConfigurationPlatforms) = preSolution
		Debug|Any CPU = Debug|Any CPU
		Release|Any CPU = Release|Any CPU
	EndGlobalSection
	GlobalSection(ProjectConfigurationPlatforms) = postSolution
		{E44F9753-DA67-4E6D-BD1D-AFC450E13654}.Debug|Any CPU.ActiveCfg = Debug|Any CPU
		{E44F9753-DA67-4E6D-BD1D-AFC450E13654}.Debug|Any CPU.Build.0 = Debug|Any CPU
		{E44F9753-DA67-4E6D-BD1D-AFC450E13654}.Release|Any CPU.ActiveCfg = Release|Any CPU
		{E44F9753-DA67-4E6D-BD1D-AFC450E13654}.Release|Any CPU.Build.0 = Release|Any CPU
	EndGlobalSection
	GlobalSection(SolutionProperties) = preSolution
		HideSolutionNode = FALSE
	EndGlobalSection
	GlobalSection(ExtensibilityGlobals) = postSolution
		SolutionGuid = {E8F19393-FBF6-401E-8EA4-8E844F9728B2}
	EndGlobalSection
EndGlobal
